
Microsoft Visual Studio Solution File, Format Version 12.00
# Visual Studio 15
VisualStudioVersion = 15.0.28307.572
MinimumVisualStudioVersion = 10.0.40219.1
Project("{FAE04EC0-301F-11D3-BF4B-00C04F79EFBC}") = "CodeFirstNortwind.UI", "CodeFirstNortwind.UI\CodeFirstNortwind.UI.csproj", "{12149AD8-332F-495C-8002-FBA505595DBF}"
EndProject
Project("{FAE04EC0-301F-11D3-BF4B-00C04F79EFBC}") = "CodeFirstNortwind.Model", "CodeFirstNortwind.Model\CodeFirstNortwind.Model.csproj", "{46F34DF3-D7B1-46B3-9B1F-021FAAD8CCB9}"
EndProject
Project("{FAE04EC0-301F-11D3-BF4B-00C04F79EFBC}") = "CodeFirstNortwind.DAL", "CodeFirstNortwind.DAL\CodeFirstNortwind.DAL.csproj", "{A7437D41-5891-4FC0-AFE3-809BCA7763DE}"
EndProject
Global
	GlobalSection(SolutionConfigurationPlatforms) = preSolution
		Debug|Any CPU = Debug|Any CPU
		Release|Any CPU = Release|Any CPU
	EndGlobalSection
	GlobalSection(ProjectConfigurationPlatforms) = postSolution
		{12149AD8-332F-495C-8002-FBA505595DBF}.Debug|Any CPU.ActiveCfg = Debug|Any CPU
		{12149AD8-332F-495C-8002-FBA505595DBF}.Debug|Any CPU.Build.0 = Debug|Any CPU
		{12149AD8-332F-495C-8002-FBA505595DBF}.Release|Any CPU.ActiveCfg = Release|Any CPU
		{12149AD8-332F-495C-8002-FBA505595DBF}.Release|Any CPU.Build.0 = Release|Any CPU
		{46F34DF3-D7B1-46B3-9B1F-021FAAD8CCB9}.Debug|Any CPU.ActiveCfg = Debug|Any CPU
		{46F34DF3-D7B1-46B3-9B1F-021FAAD8CCB9}.Debug|Any CPU.Build.0 = Debug|Any CPU
		{46F34DF3-D7B1-46B3-9B1F-021FAAD8CCB9}.Release|Any CPU.ActiveCfg = Release|Any CPU
		{46F34DF3-D7B1-46B3-9B1F-021FAAD8CCB9}.Release|Any CPU.Build.0 = Release|Any CPU
		{A7437D41-5891-4FC0-AFE3-809BCA7763DE}.Debug|Any CPU.ActiveCfg = Debug|Any CPU
		{A7437D41-5891-4FC0-AFE3-809BCA7763DE}.Debug|Any CPU.Build.0 = Debug|Any CPU
		{A7437D41-5891-4FC0-AFE3-809BCA7763DE}.Release|Any CPU.ActiveCfg = Release|Any CPU
		{A7437D41-5891-4FC0-AFE3-809BCA7763DE}.Release|Any CPU.Build.0 = Release|Any CPU
	EndGlobalSection
	GlobalSection(SolutionProperties) = preSolution
		HideSolutionNode = FALSE
	EndGlobalSection
	GlobalSection(ExtensibilityGlobals) = postSolution
		SolutionGuid = {225DEE35-58DE-45A1-9952-6E60D980356E}
	EndGlobalSection
EndGlobal
